
Microsoft Visual Studio Solution File, Format Version 12.00
# Visual Studio 15
VisualStudioVersion = 15.0.28307.1525
MinimumVisualStudioVersion = 10.0.40219.1
Project("{FAE04EC0-301F-11D3-BF4B-00C04F79EFBC}") = "CUCM XML fixer", "CUCM XML fixer\CUCM XML fixer.csproj", "{FA0B2DA3-66DA-4A84-93CC-BD9674C79B94}"
EndProject
Global
	GlobalSection(SolutionConfigurationPlatforms) = preSolution
		Debug|Any CPU = Debug|Any CPU
		Release|Any CPU = Release|Any CPU
	EndGlobalSection
	GlobalSection(ProjectConfigurationPlatforms) = postSolution
		{FA0B2DA3-66DA-4A84-93CC-BD9674C79B94}.Debug|Any CPU.ActiveCfg = Debug|Any CPU
		{FA0B2DA3-66DA-4A84-93CC-BD9674C79B94}.Debug|Any CPU.Build.0 = Debug|Any CPU
		{FA0B2DA3-66DA-4A84-93CC-BD9674C79B94}.Release|Any CPU.ActiveCfg = Release|Any CPU
		{FA0B2DA3-66DA-4A84-93CC-BD9674C79B94}.Release|Any CPU.Build.0 = Release|Any CPU
	EndGlobalSection
	GlobalSection(SolutionProperties) = preSolution
		HideSolutionNode = FALSE
	EndGlobalSection
	GlobalSection(ExtensibilityGlobals) = postSolution
		SolutionGuid = {6FE4343A-7EE3-47B5-9121-7EF5E4CC8ED0}
	EndGlobalSection
EndGlobal
